
Microsoft Visual Studio Solution File, Format Version 12.00
# Visual Studio Version 17
VisualStudioVersion = 17.8.34316.72
MinimumVisualStudioVersion = 10.0.40219.1
Project("{9A19103F-16F7-4668-BE54-9A1E7A4F7556}") = "HiMapper", "HiMapper\HiMapper.csproj", "{0DE2AC8C-E5ED-4419-94F4-21F9987B2ACF}"
EndProject
Project("{9A19103F-16F7-4668-BE54-9A1E7A4F7556}") = "HiMapper.standart2", "HiMapper.standart2\HiMapper.standart2.csproj", "{1497F28A-4198-4E11-AEC9-8A0E899A069C}"
EndProject
Global
	GlobalSection(SolutionConfigurationPlatforms) = preSolution
		Debug|Any CPU = Debug|Any CPU
		Release|Any CPU = Release|Any CPU
	EndGlobalSection
	GlobalSection(ProjectConfigurationPlatforms) = postSolution
		{0DE2AC8C-E5ED-4419-94F4-21F9987B2ACF}.Debug|Any CPU.ActiveCfg = Debug|Any CPU
		{0DE2AC8C-E5ED-4419-94F4-21F9987B2ACF}.Debug|Any CPU.Build.0 = Debug|Any CPU
		{0DE2AC8C-E5ED-4419-94F4-21F9987B2ACF}.Release|Any CPU.ActiveCfg = Release|Any CPU
		{0DE2AC8C-E5ED-4419-94F4-21F9987B2ACF}.Release|Any CPU.Build.0 = Release|Any CPU
		{1497F28A-4198-4E11-AEC9-8A0E899A069C}.Debug|Any CPU.ActiveCfg = Debug|Any CPU
		{1497F28A-4198-4E11-AEC9-8A0E899A069C}.Debug|Any CPU.Build.0 = Debug|Any CPU
		{1497F28A-4198-4E11-AEC9-8A0E899A069C}.Release|Any CPU.ActiveCfg = Release|Any CPU
		{1497F28A-4198-4E11-AEC9-8A0E899A069C}.Release|Any CPU.Build.0 = Release|Any CPU
	EndGlobalSection
	GlobalSection(SolutionProperties) = preSolution
		HideSolutionNode = FALSE
	EndGlobalSection
	GlobalSection(ExtensibilityGlobals) = postSolution
		SolutionGuid = {FD82BA08-0E01-417D-8851-FC7B7FA74730}
	EndGlobalSection
EndGlobal
